
Microsoft Visual Studio Solution File, Format Version 12.00
# Visual Studio Version 16
VisualStudioVersion = 16.0.29806.167
MinimumVisualStudioVersion = 10.0.40219.1
Project("{8BC9CEB8-8B4A-11D0-8D11-00A0C91BC942}") = "asp2dz2 - 234 stablo", "asp2dz2 - 234 stablo\asp2dz2 - 234 stablo.vcxproj", "{D170DF5E-A5AB-4557-B694-E539EE528333}"
EndProject
Global
	GlobalSection(SolutionConfigurationPlatforms) = preSolution
		Debug|x64 = Debug|x64
		Debug|x86 = Debug|x86
		Release|x64 = Release|x64
		Release|x86 = Release|x86
	EndGlobalSection
	GlobalSection(ProjectConfigurationPlatforms) = postSolution
		{D170DF5E-A5AB-4557-B694-E539EE528333}.Debug|x64.ActiveCfg = Debug|x64
		{D170DF5E-A5AB-4557-B694-E539EE528333}.Debug|x64.Build.0 = Debug|x64
		{D170DF5E-A5AB-4557-B694-E539EE528333}.Debug|x86.ActiveCfg = Debug|Win32
		{D170DF5E-A5AB-4557-B694-E539EE528333}.Debug|x86.Build.0 = Debug|Win32
		{D170DF5E-A5AB-4557-B694-E539EE528333}.Release|x64.ActiveCfg = Release|x64
		{D170DF5E-A5AB-4557-B694-E539EE528333}.Release|x64.Build.0 = Release|x64
		{D170DF5E-A5AB-4557-B694-E539EE528333}.Release|x86.ActiveCfg = Release|Win32
		{D170DF5E-A5AB-4557-B694-E539EE528333}.Release|x86.Build.0 = Release|Win32
	EndGlobalSection
	GlobalSection(SolutionProperties) = preSolution
		HideSolutionNode = FALSE
	EndGlobalSection
	GlobalSection(ExtensibilityGlobals) = postSolution
		SolutionGuid = {2EA2601A-76F5-4324-8830-306BD59A7945}
	EndGlobalSection
EndGlobal
